
Microsoft Visual Studio Solution File, Format Version 12.00
# Visual Studio Version 17
VisualStudioVersion = 17.10.34928.147
MinimumVisualStudioVersion = 10.0.40219.1
Project("{FAE04EC0-301F-11D3-BF4B-00C04F79EFBC}") = "TgBot.Infrastructure", "TgBot.Infrastructure\TgBot.Infrastructure.csproj", "{2C93F6D3-134E-4993-8D39-79677B46DF10}"
EndProject
Project("{FAE04EC0-301F-11D3-BF4B-00C04F79EFBC}") = "Example", "Example\Example.csproj", "{02AB97F4-75C2-4D39-A646-7E4558588343}"
EndProject
Global
	GlobalSection(SolutionConfigurationPlatforms) = preSolution
		Debug|Any CPU = Debug|Any CPU
		Release|Any CPU = Release|Any CPU
	EndGlobalSection
	GlobalSection(ProjectConfigurationPlatforms) = postSolution
		{2C93F6D3-134E-4993-8D39-79677B46DF10}.Debug|Any CPU.ActiveCfg = Debug|Any CPU
		{2C93F6D3-134E-4993-8D39-79677B46DF10}.Debug|Any CPU.Build.0 = Debug|Any CPU
		{2C93F6D3-134E-4993-8D39-79677B46DF10}.Release|Any CPU.ActiveCfg = Release|Any CPU
		{2C93F6D3-134E-4993-8D39-79677B46DF10}.Release|Any CPU.Build.0 = Release|Any CPU
		{02AB97F4-75C2-4D39-A646-7E4558588343}.Debug|Any CPU.ActiveCfg = Debug|Any CPU
		{02AB97F4-75C2-4D39-A646-7E4558588343}.Debug|Any CPU.Build.0 = Debug|Any CPU
		{02AB97F4-75C2-4D39-A646-7E4558588343}.Release|Any CPU.ActiveCfg = Release|Any CPU
		{02AB97F4-75C2-4D39-A646-7E4558588343}.Release|Any CPU.Build.0 = Release|Any CPU
	EndGlobalSection
	GlobalSection(SolutionProperties) = preSolution
		HideSolutionNode = FALSE
	EndGlobalSection
	GlobalSection(ExtensibilityGlobals) = postSolution
		SolutionGuid = {A3337A49-71AC-4EC0-A872-E273DF244A41}
	EndGlobalSection
EndGlobal
